
Microsoft Visual Studio Solution File, Format Version 12.00
# Visual Studio Version 17
VisualStudioVersion = 17.6.33829.357
MinimumVisualStudioVersion = 10.0.40219.1
Project("{FAE04EC0-301F-11D3-BF4B-00C04F79EFBC}") = "MvcCoreDeployment", "MvcCoreDeployment.csproj", "{D166363F-13F0-4F53-BCE4-6F1D6B35D53A}"
EndProject
Global
	GlobalSection(SolutionConfigurationPlatforms) = preSolution
		Debug|Any CPU = Debug|Any CPU
		Release|Any CPU = Release|Any CPU
	EndGlobalSection
	GlobalSection(ProjectConfigurationPlatforms) = postSolution
		{D166363F-13F0-4F53-BCE4-6F1D6B35D53A}.Debug|Any CPU.ActiveCfg = Debug|Any CPU
		{D166363F-13F0-4F53-BCE4-6F1D6B35D53A}.Debug|Any CPU.Build.0 = Debug|Any CPU
		{D166363F-13F0-4F53-BCE4-6F1D6B35D53A}.Release|Any CPU.ActiveCfg = Release|Any CPU
		{D166363F-13F0-4F53-BCE4-6F1D6B35D53A}.Release|Any CPU.Build.0 = Release|Any CPU
	EndGlobalSection
	GlobalSection(SolutionProperties) = preSolution
		HideSolutionNode = FALSE
	EndGlobalSection
	GlobalSection(ExtensibilityGlobals) = postSolution
		SolutionGuid = {4F20BA28-581F-4CBC-8624-3B92B655540C}
	EndGlobalSection
EndGlobal
